// !$*UTF8*$!
{
	archiveVersion = 1;
	classes = {
	};
	objectVersion = 56;
	objects = {

/* Begin PBXBuildFile section */
		1D3DCBBD2A51759D00FEC268 /* NewAppTestFrameworkApp.swift in Sources */ = {isa = PBXBuildFile; fileRef = 1D3DCBBC2A51759D00FEC268 /* NewAppTestFrameworkApp.swift */; };
		1D3DCBBF2A51759D00FEC268 /* TapBar.swift in Sources */ = {isa = PBXBuildFile; fileRef = 1D3DCBBE2A51759D00FEC268 /* TapBar.swift */; };
		1D3DCBC12A51759F00FEC268 /* Assets.xcassets in Resources */ = {isa = PBXBuildFile; fileRef = 1D3DCBC02A51759F00FEC268 /* Assets.xcassets */; };
		1D3DCBC42A51759F00FEC268 /* Preview Assets.xcassets in Resources */ = {isa = PBXBuildFile; fileRef = 1D3DCBC32A51759F00FEC268 /* Preview Assets.xcassets */; };
		1D3DCBCB2A51762B00FEC268 /* HomeView.swift in Sources */ = {isa = PBXBuildFile; fileRef = 1D3DCBCA2A51762B00FEC268 /* HomeView.swift */; };
		1D3DCBCE2A51764500FEC268 /* MapService.swift in Sources */ = {isa = PBXBuildFile; fileRef = 1D3DCBCD2A51764500FEC268 /* MapService.swift */; };
		1D3DCBD12A517A8700FEC268 /* findMapView.swift in Sources */ = {isa = PBXBuildFile; fileRef = 1D3DCBD02A517A8700FEC268 /* findMapView.swift */; };
		1D3DCBD32A51857300FEC268 /* MapViewModel.swift in Sources */ = {isa = PBXBuildFile; fileRef = 1D3DCBD22A51857300FEC268 /* MapViewModel.swift */; };
		1D694DAB2A57251000B11B56 /* GoogleService-Info.plist in Resources */ = {isa = PBXBuildFile; fileRef = 1D694DAA2A57251000B11B56 /* GoogleService-Info.plist */; };
		1D694DAF2A572D3100B11B56 /* FirebaseAuth in Frameworks */ = {isa = PBXBuildFile; productRef = 1D694DAE2A572D3100B11B56 /* FirebaseAuth */; };
		1D694DB12A572D3100B11B56 /* FirebaseFirestore in Frameworks */ = {isa = PBXBuildFile; productRef = 1D694DB02A572D3100B11B56 /* FirebaseFirestore */; };
		1D694DB32A572D3100B11B56 /* FirebaseStorage in Frameworks */ = {isa = PBXBuildFile; productRef = 1D694DB22A572D3100B11B56 /* FirebaseStorage */; };
		1D9F1FF42A5718F300F33C5A /* AuthView.swift in Sources */ = {isa = PBXBuildFile; fileRef = 1D9F1FF32A5718F300F33C5A /* AuthView.swift */; };
/* End PBXBuildFile section */

/* Begin PBXFileReference section */
		1D3DCBB92A51759D00FEC268 /* NewAppTestFramework.app */ = {isa = PBXFileReference; explicitFileType = wrapper.application; includeInIndex = 0; path = NewAppTestFramework.app; sourceTree = BUILT_PRODUCTS_DIR; };
		1D3DCBBC2A51759D00FEC268 /* NewAppTestFrameworkApp.swift */ = {isa = PBXFileReference; lastKnownFileType = sourcecode.swift; path = NewAppTestFrameworkApp.swift; sourceTree = "<group>"; };
		1D3DCBBE2A51759D00FEC268 /* TapBar.swift */ = {isa = PBXFileReference; lastKnownFileType = sourcecode.swift; path = TapBar.swift; sourceTree = "<group>"; };
		1D3DCBC02A51759F00FEC268 /* Assets.xcassets */ = {isa = PBXFileReference; lastKnownFileType = folder.assetcatalog; path = Assets.xcassets; sourceTree = "<group>"; };
		1D3DCBC32A51759F00FEC268 /* Preview Assets.xcassets */ = {isa = PBXFileReference; lastKnownFileType = folder.assetcatalog; path = "Preview Assets.xcassets"; sourceTree = "<group>"; };
		1D3DCBCA2A51762B00FEC268 /* HomeView.swift */ = {isa = PBXFileReference; lastKnownFileType = sourcecode.swift; path = HomeView.swift; sourceTree = "<group>"; };
		1D3DCBCD2A51764500FEC268 /* MapService.swift */ = {isa = PBXFileReference; lastKnownFileType = sourcecode.swift; path = MapService.swift; sourceTree = "<group>"; };
		1D3DCBD02A517A8700FEC268 /* findMapView.swift */ = {isa = PBXFileReference; lastKnownFileType = sourcecode.swift; path = findMapView.swift; sourceTree = "<group>"; };
		1D3DCBD22A51857300FEC268 /* MapViewModel.swift */ = {isa = PBXFileReference; lastKnownFileType = sourcecode.swift; path = MapViewModel.swift; sourceTree = "<group>"; };
		1D3DCBD42A519D8B00FEC268 /* Info.plist */ = {isa = PBXFileReference; lastKnownFileType = text.plist.xml; path = Info.plist; sourceTree = "<group>"; };
		1D694DAA2A57251000B11B56 /* GoogleService-Info.plist */ = {isa = PBXFileReference; fileEncoding = 4; lastKnownFileType = text.plist.xml; path = "GoogleService-Info.plist"; sourceTree = "<group>"; };
		1D9F1FF32A5718F300F33C5A /* AuthView.swift */ = {isa = PBXFileReference; lastKnownFileType = sourcecode.swift; path = AuthView.swift; sourceTree = "<group>"; };
/* End PBXFileReference section */

/* Begin PBXFrameworksBuildPhase section */
		1D3DCBB62A51759D00FEC268 /* Frameworks */ = {
			isa = PBXFrameworksBuildPhase;
			buildActionMask = 2147483647;
			files = (
				1D694DAF2A572D3100B11B56 /* FirebaseAuth in Frameworks */,
				1D694DB12A572D3100B11B56 /* FirebaseFirestore in Frameworks */,
				1D694DB32A572D3100B11B56 /* FirebaseStorage in Frameworks */,
			);
			runOnlyForDeploymentPostprocessing = 0;
		};
/* End PBXFrameworksBuildPhase section */

/* Begin PBXGroup section */
		1D3DCBB02A51759D00FEC268 = {
			isa = PBXGroup;
			children = (
				1D3DCBBB2A51759D00FEC268 /* NewAppTestFramework */,
				1D3DCBBA2A51759D00FEC268 /* Products */,
			);
			sourceTree = "<group>";
		};
		1D3DCBBA2A51759D00FEC268 /* Products */ = {
			isa = PBXGroup;
			children = (
				1D3DCBB92A51759D00FEC268 /* NewAppTestFramework.app */,
			);
			name = Products;
			sourceTree = "<group>";
		};
		1D3DCBBB2A51759D00FEC268 /* NewAppTestFramework */ = {
			isa = PBXGroup;
			children = (
				1D3DCBBC2A51759D00FEC268 /* NewAppTestFrameworkApp.swift */,
				1D3DCBBE2A51759D00FEC268 /* TapBar.swift */,
				1D3DCBCC2A51763000FEC268 /* Screen */,
				1D3DCBC02A51759F00FEC268 /* Assets.xcassets */,
				1D3DCBCF2A51764900FEC268 /* Service */,
				1D3DCBC22A51759F00FEC268 /* Preview Content */,
				1D694DAC2A57251F00B11B56 /* info */,
			);
			path = NewAppTestFramework;
			sourceTree = "<group>";
		};
		1D3DCBC22A51759F00FEC268 /* Preview Content */ = {
			isa = PBXGroup;
			children = (
				1D3DCBC32A51759F00FEC268 /* Preview Assets.xcassets */,
			);
			path = "Preview Content";
			sourceTree = "<group>";
		};
		1D3DCBCC2A51763000FEC268 /* Screen */ = {
			isa = PBXGroup;
			children = (
				1D3DCBCA2A51762B00FEC268 /* HomeView.swift */,
				1D3DCBD02A517A8700FEC268 /* findMapView.swift */,
				1D9F1FF52A5718F700F33C5A /* Authorization */,
			);
			path = Screen;
			sourceTree = "<group>";
		};
		1D3DCBCF2A51764900FEC268 /* Service */ = {
			isa = PBXGroup;
			children = (
				1D3DCBCD2A51764500FEC268 /* MapService.swift */,
				1D3DCBD22A51857300FEC268 /* MapViewModel.swift */,
			);
			path = Service;
			sourceTree = "<group>";
		};
		1D694DAC2A57251F00B11B56 /* info */ = {
			isa = PBXGroup;
			children = (
				1D694DAA2A57251000B11B56 /* GoogleService-Info.plist */,
				1D3DCBD42A519D8B00FEC268 /* Info.plist */,
			);
			path = info;
			sourceTree = "<group>";
		};
		1D9F1FF52A5718F700F33C5A /* Authorization */ = {
			isa = PBXGroup;
			children = (
				1D9F1FF32A5718F300F33C5A /* AuthView.swift */,
			);
			path = Authorization;
			sourceTree = "<group>";
		};
/* End PBXGroup section */

/* Begin PBXNativeTarget section */
		1D3DCBB82A51759D00FEC268 /* NewAppTestFramework */ = {
			isa = PBXNativeTarget;
			buildConfigurationList = 1D3DCBC72A51759F00FEC268 /* Build configuration list for PBXNativeTarget "NewAppTestFramework" */;
			buildPhases = (
				1D3DCBB52A51759D00FEC268 /* Sources */,
				1D3DCBB62A51759D00FEC268 /* Frameworks */,
				1D3DCBB72A51759D00FEC268 /* Resources */,
			);
			buildRules = (
			);
			dependencies = (
			);
			name = NewAppTestFramework;
			packageProductDependencies = (
				1D694DAE2A572D3100B11B56 /* FirebaseAuth */,
				1D694DB02A572D3100B11B56 /* FirebaseFirestore */,
				1D694DB22A572D3100B11B56 /* FirebaseStorage */,
			);
			productName = NewAppTestFramework;
			productReference = 1D3DCBB92A51759D00FEC268 /* NewAppTestFramework.app */;
			productType = "com.apple.product-type.application";
		};
/* End PBXNativeTarget section */

/* Begin PBXProject section */
		1D3DCBB12A51759D00FEC268 /* Project object */ = {
			isa = PBXProject;
			attributes = {
				BuildIndependentTargetsInParallel = 1;
				LastSwiftUpdateCheck = 1430;
				LastUpgradeCheck = 1430;
				TargetAttributes = {
					1D3DCBB82A51759D00FEC268 = {
						CreatedOnToolsVersion = 14.3.1;
					};
				};
			};
			buildConfigurationList = 1D3DCBB42A51759D00FEC268 /* Build configuration list for PBXProject "NewAppTestFramework" */;
			compatibilityVersion = "Xcode 14.0";
			developmentRegion = en;
			hasScannedForEncodings = 0;
			knownRegions = (
				en,
				Base,
			);
			mainGroup = 1D3DCBB02A51759D00FEC268;
			packageReferences = (
				1D694DAD2A572D3100B11B56 /* XCRemoteSwiftPackageReference "firebase-ios-sdk" */,
			);
			productRefGroup = 1D3DCBBA2A51759D00FEC268 /* Products */;
			projectDirPath = "";
			projectRoot = "";
			targets = (
				1D3DCBB82A51759D00FEC268 /* NewAppTestFramework */,
			);
		};
/* End PBXProject section */

/* Begin PBXResourcesBuildPhase section */
		1D3DCBB72A51759D00FEC268 /* Resources */ = {
			isa = PBXResourcesBuildPhase;
			buildActionMask = 2147483647;
			files = (
				1D3DCBC42A51759F00FEC268 /* Preview Assets.xcassets in Resources */,
				1D3DCBC12A51759F00FEC268 /* Assets.xcassets in Resources */,
				1D694DAB2A57251000B11B56 /* GoogleService-Info.plist in Resources */,
			);
			runOnlyForDeploymentPostprocessing = 0;
		};
/* End PBXResourcesBuildPhase section */

/* Begin PBXSourcesBuildPhase section */
		1D3DCBB52A51759D00FEC268 /* Sources */ = {
			isa = PBXSourcesBuildPhase;
			buildActionMask = 2147483647;
			files = (
				1D9F1FF42A5718F300F33C5A /* AuthView.swift in Sources */,
				1D3DCBCB2A51762B00FEC268 /* HomeView.swift in Sources */,
				1D3DCBBF2A51759D00FEC268 /* TapBar.swift in Sources */,
				1D3DCBD32A51857300FEC268 /* MapViewModel.swift in Sources */,
				1D3DCBCE2A51764500FEC268 /* MapService.swift in Sources */,
				1D3DCBBD2A51759D00FEC268 /* NewAppTestFrameworkApp.swift in Sources */,
				1D3DCBD12A517A8700FEC268 /* findMapView.swift in Sources */,
			);
			runOnlyForDeploymentPostprocessing = 0;
		};
/* End PBXSourcesBuildPhase section */

/* Begin XCBuildConfiguration section */
		1D3DCBC52A51759F00FEC268 /* Debug */ = {
			isa = XCBuildConfiguration;
			buildSettings = {
				ALWAYS_SEARCH_USER_PATHS = NO;
				CLANG_ANALYZER_NONNULL = YES;
				CLANG_ANALYZER_NUMBER_OBJECT_CONVERSION = YES_AGGRESSIVE;
				CLANG_CXX_LANGUAGE_STANDARD = "gnu++20";
				CLANG_ENABLE_MODULES = YES;
				CLANG_ENABLE_OBJC_ARC = YES;
				CLANG_ENABLE_OBJC_WEAK = YES;
				CLANG_WARN_BLOCK_CAPTURE_AUTORELEASING = YES;
				CLANG_WARN_BOOL_CONVERSION = YES;
				CLANG_WARN_COMMA = YES;
				CLANG_WARN_CONSTANT_CONVERSION = YES;
				CLANG_WARN_DEPRECATED_OBJC_IMPLEMENTATIONS = YES;
				CLANG_WARN_DIRECT_OBJC_ISA_USAGE = YES_ERROR;
				CLANG_WARN_DOCUMENTATION_COMMENTS = YES;
				CLANG_WARN_EMPTY_BODY = YES;
				CLANG_WARN_ENUM_CONVERSION = YES;
				CLANG_WARN_INFINITE_RECURSION = YES;
				CLANG_WARN_INT_CONVERSION = YES;
				CLANG_WARN_NON_LITERAL_NULL_CONVERSION = YES;
				CLANG_WARN_OBJC_IMPLICIT_RETAIN_SELF = YES;
				CLANG_WARN_OBJC_LITERAL_CONVERSION = YES;
				CLANG_WARN_OBJC_ROOT_CLASS = YES_ERROR;
				CLANG_WARN_QUOTED_INCLUDE_IN_FRAMEWORK_HEADER = YES;
				CLANG_WARN_RANGE_LOOP_ANALYSIS = YES;
				CLANG_WARN_STRICT_PROTOTYPES = YES;
				CLANG_WARN_SUSPICIOUS_MOVE = YES;
				CLANG_WARN_UNGUARDED_AVAILABILITY = YES_AGGRESSIVE;
				CLANG_WARN_UNREACHABLE_CODE = YES;
				CLANG_WARN__DUPLICATE_METHOD_MATCH = YES;
				COPY_PHASE_STRIP = NO;
				DEBUG_INFORMATION_FORMAT = dwarf;
				ENABLE_STRICT_OBJC_MSGSEND = YES;
				ENABLE_TESTABILITY = YES;
				GCC_C_LANGUAGE_STANDARD = gnu11;
				GCC_DYNAMIC_NO_PIC = NO;
				GCC_NO_COMMON_BLOCKS = YES;
				GCC_OPTIMIZATION_LEVEL = 0;
				GCC_PREPROCESSOR_DEFINITIONS = (
					"DEBUG=1",
					"$(inherited)",
				);
				GCC_WARN_64_TO_32_BIT_CONVERSION = YES;
				GCC_WARN_ABOUT_RETURN_TYPE = YES_ERROR;
				GCC_WARN_UNDECLARED_SELECTOR = YES;
				GCC_WARN_UNINITIALIZED_AUTOS = YES_AGGRESSIVE;
				GCC_WARN_UNUSED_FUNCTION = YES;
				GCC_WARN_UNUSED_VARIABLE = YES;
				IPHONEOS_DEPLOYMENT_TARGET = 16.4;
				MTL_ENABLE_DEBUG_INFO = INCLUDE_SOURCE;
				MTL_FAST_MATH = YES;
				ONLY_ACTIVE_ARCH = YES;
				SDKROOT = iphoneos;
				SWIFT_ACTIVE_COMPILATION_CONDITIONS = DEBUG;
				SWIFT_OPTIMIZATION_LEVEL = "-Onone";
			};
			name = Debug;
		};
		1D3DCBC62A51759F00FEC268 /* Release */ = {
			isa = XCBuildConfiguration;
			buildSettings = {
				ALWAYS_SEARCH_USER_PATHS = NO;
				CLANG_ANALYZER_NONNULL = YES;
				CLANG_ANALYZER_NUMBER_OBJECT_CONVERSION = YES_AGGRESSIVE;
				CLANG_CXX_LANGUAGE_STANDARD = "gnu++20";
				CLANG_ENABLE_MODULES = YES;
				CLANG_ENABLE_OBJC_ARC = YES;
				CLANG_ENABLE_OBJC_WEAK = YES;
				CLANG_WARN_BLOCK_CAPTURE_AUTORELEASING = YES;
				CLANG_WARN_BOOL_CONVERSION = YES;
				CLANG_WARN_COMMA = YES;
				CLANG_WARN_CONSTANT_CONVERSION = YES;
				CLANG_WARN_DEPRECATED_OBJC_IMPLEMENTATIONS = YES;
				CLANG_WARN_DIRECT_OBJC_ISA_USAGE = YES_ERROR;
				CLANG_WARN_DOCUMENTATION_COMMENTS = YES;
				CLANG_WARN_EMPTY_BODY = YES;
				CLANG_WARN_ENUM_CONVERSION = YES;
				CLANG_WARN_INFINITE_RECURSION = YES;
				CLANG_WARN_INT_CONVERSION = YES;
				CLANG_WARN_NON_LITERAL_NULL_CONVERSION = YES;
				CLANG_WARN_OBJC_IMPLICIT_RETAIN_SELF = YES;
				CLANG_WARN_OBJC_LITERAL_CONVERSION = YES;
				CLANG_WARN_OBJC_ROOT_CLASS = YES_ERROR;
				CLANG_WARN_QUOTED_INCLUDE_IN_FRAMEWORK_HEADER = YES;
				CLANG_WARN_RANGE_LOOP_ANALYSIS = YES;
				CLANG_WARN_STRICT_PROTOTYPES = YES;
				CLANG_WARN_SUSPICIOUS_MOVE = YES;
				CLANG_WARN_UNGUARDED_AVAILABILITY = YES_AGGRESSIVE;
				CLANG_WARN_UNREACHABLE_CODE = YES;
				CLANG_WARN__DUPLICATE_METHOD_MATCH = YES;
				COPY_PHASE_STRIP = NO;
				DEBUG_INFORMATION_FORMAT = "dwarf-with-dsym";
				ENABLE_NS_ASSERTIONS = NO;
				ENABLE_STRICT_OBJC_MSGSEND = YES;
				GCC_C_LANGUAGE_STANDARD = gnu11;
				GCC_NO_COMMON_BLOCKS = YES;
				GCC_WARN_64_TO_32_BIT_CONVERSION = YES;
				GCC_WARN_ABOUT_RETURN_TYPE = YES_ERROR;
				GCC_WARN_UNDECLARED_SELECTOR = YES;
				GCC_WARN_UNINITIALIZED_AUTOS = YES_AGGRESSIVE;
				GCC_WARN_UNUSED_FUNCTION = YES;
				GCC_WARN_UNUSED_VARIABLE = YES;
				IPHONEOS_DEPLOYMENT_TARGET = 16.4;
				MTL_ENABLE_DEBUG_INFO = NO;
				MTL_FAST_MATH = YES;
				SDKROOT = iphoneos;
				SWIFT_COMPILATION_MODE = wholemodule;
				SWIFT_OPTIMIZATION_LEVEL = "-O";
				VALIDATE_PRODUCT = YES;
			};
			name = Release;
		};
		1D3DCBC82A51759F00FEC268 /* Debug */ = {
			isa = XCBuildConfiguration;
			buildSettings = {
				ASSETCATALOG_COMPILER_APPICON_NAME = AppIcon;
				ASSETCATALOG_COMPILER_GLOBAL_ACCENT_COLOR_NAME = AccentColor;
				CODE_SIGN_STYLE = Automatic;
				CURRENT_PROJECT_VERSION = 1;
				DEVELOPMENT_ASSET_PATHS = "\"NewAppTestFramework/Preview Content\"";
				DEVELOPMENT_TEAM = 97A9R2HAY5;
				ENABLE_PREVIEWS = YES;
				GENERATE_INFOPLIST_FILE = YES;
				INFOPLIST_FILE = NewAppTestFramework/Info.plist;
				INFOPLIST_KEY_NSLocationWhenInUseUsageDescription = "";
				INFOPLIST_KEY_UIApplicationSceneManifest_Generation = YES;
				INFOPLIST_KEY_UIApplicationSupportsIndirectInputEvents = YES;
				INFOPLIST_KEY_UILaunchScreen_Generation = YES;
				INFOPLIST_KEY_UISupportedInterfaceOrientations_iPad = "UIInterfaceOrientationPortrait UIInterfaceOrientationPortraitUpsideDown UIInterfaceOrientationLandscapeLeft UIInterfaceOrientationLandscapeRight";
				INFOPLIST_KEY_UISupportedInterfaceOrientations_iPhone = "UIInterfaceOrientationPortrait UIInterfaceOrientationLandscapeLeft UIInterfaceOrientationLandscapeRight";
				LD_RUNPATH_SEARCH_PATHS = (
					"$(inherited)",
					"@executable_path/Frameworks",
				);
				MARKETING_VERSION = 1.0;
				PRODUCT_BUNDLE_IDENTIFIER = qq.NewAppTestFramework;
				PRODUCT_NAME = "$(TARGET_NAME)";
				SWIFT_EMIT_LOC_STRINGS = YES;
				SWIFT_VERSION = 5.0;
				TARGETED_DEVICE_FAMILY = "1,2";
			};
			name = Debug;
		};
		1D3DCBC92A51759F00FEC268 /* Release */ = {
			isa = XCBuildConfiguration;
			buildSettings = {
				ASSETCATALOG_COMPILER_APPICON_NAME = AppIcon;
				ASSETCATALOG_COMPILER_GLOBAL_ACCENT_COLOR_NAME = AccentColor;
				CODE_SIGN_STYLE = Automatic;
				CURRENT_PROJECT_VERSION = 1;
				DEVELOPMENT_ASSET_PATHS = "\"NewAppTestFramework/Preview Content\"";
				DEVELOPMENT_TEAM = 97A9R2HAY5;
				ENABLE_PREVIEWS = YES;
				GENERATE_INFOPLIST_FILE = YES;
				INFOPLIST_FILE = NewAppTestFramework/Info.plist;
				INFOPLIST_KEY_NSLocationWhenInUseUsageDescription = "";
				INFOPLIST_KEY_UIApplicationSceneManifest_Generation = YES;
				INFOPLIST_KEY_UIApplicationSupportsIndirectInputEvents = YES;
				INFOPLIST_KEY_UILaunchScreen_Generation = YES;
				INFOPLIST_KEY_UISupportedInterfaceOrientations_iPad = "UIInterfaceOrientationPortrait UIInterfaceOrientationPortraitUpsideDown UIInterfaceOrientationLandscapeLeft UIInterfaceOrientationLandscapeRight";
				INFOPLIST_KEY_UISupportedInterfaceOrientations_iPhone = "UIInterfaceOrientationPortrait UIInterfaceOrientationLandscapeLeft UIInterfaceOrientationLandscapeRight";
				LD_RUNPATH_SEARCH_PATHS = (
					"$(inherited)",
					"@executable_path/Frameworks",
				);
				MARKETING_VERSION = 1.0;
				PRODUCT_BUNDLE_IDENTIFIER = qq.NewAppTestFramework;
				PRODUCT_NAME = "$(TARGET_NAME)";
				SWIFT_EMIT_LOC_STRINGS = YES;
				SWIFT_VERSION = 5.0;
				TARGETED_DEVICE_FAMILY = "1,2";
			};
			name = Release;
		};
/* End XCBuildConfiguration section */

/* Begin XCConfigurationList section */
		1D3DCBB42A51759D00FEC268 /* Build configuration list for PBXProject "NewAppTestFramework" */ = {
			isa = XCConfigurationList;
			buildConfigurations = (
				1D3DCBC52A51759F00FEC268 /* Debug */,
				1D3DCBC62A51759F00FEC268 /* Release */,
			);
			defaultConfigurationIsVisible = 0;
			defaultConfigurationName = Release;
		};
		1D3DCBC72A51759F00FEC268 /* Build configuration list for PBXNativeTarget "NewAppTestFramework" */ = {
			isa = XCConfigurationList;
			buildConfigurations = (
				1D3DCBC82A51759F00FEC268 /* Debug */,
				1D3DCBC92A51759F00FEC268 /* Release */,
			);
			defaultConfigurationIsVisible = 0;
			defaultConfigurationName = Release;
		};
/* End XCConfigurationList section */

/* Begin XCRemoteSwiftPackageReference section */
		1D694DAD2A572D3100B11B56 /* XCRemoteSwiftPackageReference "firebase-ios-sdk" */ = {
			isa = XCRemoteSwiftPackageReference;
			repositoryURL = "https://github.com/firebase/firebase-ios-sdk";
			requirement = {
				kind = upToNextMajorVersion;
				minimumVersion = 10.0.0;
			};
		};
/* End XCRemoteSwiftPackageReference section */

/* Begin XCSwiftPackageProductDependency section */
		1D694DAE2A572D3100B11B56 /* FirebaseAuth */ = {
			isa = XCSwiftPackageProductDependency;
			package = 1D694DAD2A572D3100B11B56 /* XCRemoteSwiftPackageReference "firebase-ios-sdk" */;
			productName = FirebaseAuth;
		};
		1D694DB02A572D3100B11B56 /* FirebaseFirestore */ = {
			isa = XCSwiftPackageProductDependency;
			package = 1D694DAD2A572D3100B11B56 /* XCRemoteSwiftPackageReference "firebase-ios-sdk" */;
			productName = FirebaseFirestore;
		};
		1D694DB22A572D3100B11B56 /* FirebaseStorage */ = {
			isa = XCSwiftPackageProductDependency;
			package = 1D694DAD2A572D3100B11B56 /* XCRemoteSwiftPackageReference "firebase-ios-sdk" */;
			productName = FirebaseStorage;
		};
/* End XCSwiftPackageProductDependency section */
	};
	rootObject = 1D3DCBB12A51759D00FEC268 /* Project object */;
}
